
Microsoft Visual Studio Solution File, Format Version 12.00
# Visual Studio Version 16
VisualStudioVersion = 16.0.30225.117
MinimumVisualStudioVersion = 10.0.40219.1
Project("{FAE04EC0-301F-11D3-BF4B-00C04F79EFBC}") = "ACES", "ACES\ACES.csproj", "{2E197684-4D4C-4E58-AA83-DB5404F67296}"
EndProject
Global
	GlobalSection(SolutionConfigurationPlatforms) = preSolution
		Debug|Any CPU = Debug|Any CPU
		Release|Any CPU = Release|Any CPU
	EndGlobalSection
	GlobalSection(ProjectConfigurationPlatforms) = postSolution
		{2E197684-4D4C-4E58-AA83-DB5404F67296}.Debug|Any CPU.ActiveCfg = Debug|Any CPU
		{2E197684-4D4C-4E58-AA83-DB5404F67296}.Debug|Any CPU.Build.0 = Debug|Any CPU
		{2E197684-4D4C-4E58-AA83-DB5404F67296}.Release|Any CPU.ActiveCfg = Release|Any CPU
		{2E197684-4D4C-4E58-AA83-DB5404F67296}.Release|Any CPU.Build.0 = Release|Any CPU
	EndGlobalSection
	GlobalSection(SolutionProperties) = preSolution
		HideSolutionNode = FALSE
	EndGlobalSection
	GlobalSection(ExtensibilityGlobals) = postSolution
		SolutionGuid = {0D182C29-E26B-4570-9E4A-5CF6BD035432}
	EndGlobalSection
EndGlobal
